
Microsoft Visual Studio Solution File, Format Version 12.00
# Visual Studio Version 16
VisualStudioVersion = 16.0.30104.148
MinimumVisualStudioVersion = 10.0.40219.1
Project("{FAE04EC0-301F-11D3-BF4B-00C04F79EFBC}") = "Library Management System", "Library Management System\Library Management System.csproj", "{3D71FE51-40C9-417B-8CEF-18A6A616E9C1}"
EndProject
Global
	GlobalSection(SolutionConfigurationPlatforms) = preSolution
		Debug|Any CPU = Debug|Any CPU
		Release|Any CPU = Release|Any CPU
	EndGlobalSection
	GlobalSection(ProjectConfigurationPlatforms) = postSolution
		{3D71FE51-40C9-417B-8CEF-18A6A616E9C1}.Debug|Any CPU.ActiveCfg = Debug|Any CPU
		{3D71FE51-40C9-417B-8CEF-18A6A616E9C1}.Debug|Any CPU.Build.0 = Debug|Any CPU
		{3D71FE51-40C9-417B-8CEF-18A6A616E9C1}.Release|Any CPU.ActiveCfg = Release|Any CPU
		{3D71FE51-40C9-417B-8CEF-18A6A616E9C1}.Release|Any CPU.Build.0 = Release|Any CPU
	EndGlobalSection
	GlobalSection(SolutionProperties) = preSolution
		HideSolutionNode = FALSE
	EndGlobalSection
	GlobalSection(ExtensibilityGlobals) = postSolution
		SolutionGuid = {0FB6D75D-8C9A-48DF-93D2-70BF932DFDAF}
	EndGlobalSection
EndGlobal
